
Microsoft Visual Studio Solution File, Format Version 12.00
Project("{FAE04EC0-301F-11D3-BF4B-00C04F79EFBC}") = "NYC360.Domain", "src\NYC360.Domain\NYC360.Domain.csproj", "{8728BB97-B60B-4145-B2DA-57FC9E66176C}"
EndProject
Project("{FAE04EC0-301F-11D3-BF4B-00C04F79EFBC}") = "NYC360.Application", "src\NYC360.Application\NYC360.Application.csproj", "{504B1C2A-6658-4F97-807D-E17876101010}"
EndProject
Project("{FAE04EC0-301F-11D3-BF4B-00C04F79EFBC}") = "NYC360.Infrastructure", "src\NYC360.Infrastructure\NYC360.Infrastructure.csproj", "{437A78B5-BB80-4755-8771-5B0EDE05896F}"
EndProject
Project("{FAE04EC0-301F-11D3-BF4B-00C04F79EFBC}") = "NYC360.API", "src\NYC360.API\NYC360.API.csproj", "{4CC58875-7F66-4C17-B582-572136D06A12}"
EndProject
Project("{FAE04EC0-301F-11D3-BF4B-00C04F79EFBC}") = "NYC360.Application.Tests", "tests\NYC360.Application.Tests\NYC360.Application.Tests.csproj", "{F3500DA4-1AC8-4191-9518-6FB5E6E93CAD}"
EndProject
Global
	GlobalSection(SolutionConfigurationPlatforms) = preSolution
		Debug|Any CPU = Debug|Any CPU
		Release|Any CPU = Release|Any CPU
	EndGlobalSection
	GlobalSection(ProjectConfigurationPlatforms) = postSolution
		{8728BB97-B60B-4145-B2DA-57FC9E66176C}.Debug|Any CPU.ActiveCfg = Debug|Any CPU
		{8728BB97-B60B-4145-B2DA-57FC9E66176C}.Debug|Any CPU.Build.0 = Debug|Any CPU
		{8728BB97-B60B-4145-B2DA-57FC9E66176C}.Release|Any CPU.ActiveCfg = Release|Any CPU
		{8728BB97-B60B-4145-B2DA-57FC9E66176C}.Release|Any CPU.Build.0 = Release|Any CPU
		{504B1C2A-6658-4F97-807D-E17876101010}.Debug|Any CPU.ActiveCfg = Debug|Any CPU
		{504B1C2A-6658-4F97-807D-E17876101010}.Debug|Any CPU.Build.0 = Debug|Any CPU
		{504B1C2A-6658-4F97-807D-E17876101010}.Release|Any CPU.ActiveCfg = Release|Any CPU
		{504B1C2A-6658-4F97-807D-E17876101010}.Release|Any CPU.Build.0 = Release|Any CPU
		{437A78B5-BB80-4755-8771-5B0EDE05896F}.Debug|Any CPU.ActiveCfg = Debug|Any CPU
		{437A78B5-BB80-4755-8771-5B0EDE05896F}.Debug|Any CPU.Build.0 = Debug|Any CPU
		{437A78B5-BB80-4755-8771-5B0EDE05896F}.Release|Any CPU.ActiveCfg = Release|Any CPU
		{437A78B5-BB80-4755-8771-5B0EDE05896F}.Release|Any CPU.Build.0 = Release|Any CPU
		{4CC58875-7F66-4C17-B582-572136D06A12}.Debug|Any CPU.ActiveCfg = Debug|Any CPU
		{4CC58875-7F66-4C17-B582-572136D06A12}.Debug|Any CPU.Build.0 = Debug|Any CPU
		{4CC58875-7F66-4C17-B582-572136D06A12}.Release|Any CPU.ActiveCfg = Release|Any CPU
		{4CC58875-7F66-4C17-B582-572136D06A12}.Release|Any CPU.Build.0 = Release|Any CPU
		{F3500DA4-1AC8-4191-9518-6FB5E6E93CAD}.Debug|Any CPU.ActiveCfg = Debug|Any CPU
		{F3500DA4-1AC8-4191-9518-6FB5E6E93CAD}.Debug|Any CPU.Build.0 = Debug|Any CPU
		{F3500DA4-1AC8-4191-9518-6FB5E6E93CAD}.Release|Any CPU.ActiveCfg = Release|Any CPU
		{F3500DA4-1AC8-4191-9518-6FB5E6E93CAD}.Release|Any CPU.Build.0 = Release|Any CPU
	EndGlobalSection
EndGlobal
